// !$*UTF8*$!
{
	archiveVersion = 1;
	classes = {
	};
	objectVersion = 56;
	objects = {

/* Begin PBXBuildFile section */
		520518A82EF91464002410DC /* CardInfoEntity.swift in Sources */ = {isa = PBXBuildFile; fileRef = 520518992EF91464002410DC /* CardInfoEntity.swift */; };
		520518A92EF91464002410DC /* ApiData.swift in Sources */ = {isa = PBXBuildFile; fileRef = 5205189B2EF91464002410DC /* ApiData.swift */; };
		520518AA2EF91464002410DC /* Repository.swift in Sources */ = {isa = PBXBuildFile; fileRef = 5205189E2EF91464002410DC /* Repository.swift */; };
		520518AB2EF91464002410DC /* Model.swift in Sources */ = {isa = PBXBuildFile; fileRef = 520518A02EF91464002410DC /* Model.swift */; };
		520518AC2EF91464002410DC /* ContentView.swift in Sources */ = {isa = PBXBuildFile; fileRef = 520518A22EF91464002410DC /* ContentView.swift */; };
		520518AE2EF91464002410DC /* Controller.swift in Sources */ = {isa = PBXBuildFile; fileRef = 520518A52EF91464002410DC /* Controller.swift */; };
		520518AF2EF91464002410DC /* lab56App.swift in Sources */ = {isa = PBXBuildFile; fileRef = 520518A62EF91464002410DC /* lab56App.swift */; };
/* End PBXBuildFile section */

/* Begin PBXFileReference section */
		520518882EF9143E002410DC /* lab56.app */ = {isa = PBXFileReference; explicitFileType = wrapper.application; includeInIndex = 0; path = lab56.app; sourceTree = BUILT_PRODUCTS_DIR; };
		520518992EF91464002410DC /* CardInfoEntity.swift */ = {isa = PBXFileReference; fileEncoding = 4; lastKnownFileType = sourcecode.swift; path = CardInfoEntity.swift; sourceTree = "<group>"; };
		5205189B2EF91464002410DC /* ApiData.swift */ = {isa = PBXFileReference; fileEncoding = 4; lastKnownFileType = sourcecode.swift; path = ApiData.swift; sourceTree = "<group>"; };
		5205189E2EF91464002410DC /* Repository.swift */ = {isa = PBXFileReference; fileEncoding = 4; lastKnownFileType = sourcecode.swift; path = Repository.swift; sourceTree = "<group>"; };
		520518A02EF91464002410DC /* Model.swift */ = {isa = PBXFileReference; fileEncoding = 4; lastKnownFileType = sourcecode.swift; path = Model.swift; sourceTree = "<group>"; };
		520518A22EF91464002410DC /* ContentView.swift */ = {isa = PBXFileReference; fileEncoding = 4; lastKnownFileType = sourcecode.swift; path = ContentView.swift; sourceTree = "<group>"; };
		520518A42EF91464002410DC /* Assets.xcassets */ = {isa = PBXFileReference; lastKnownFileType = folder.assetcatalog; path = Assets.xcassets; sourceTree = "<group>"; };
		520518A52EF91464002410DC /* Controller.swift */ = {isa = PBXFileReference; fileEncoding = 4; lastKnownFileType = sourcecode.swift; path = Controller.swift; sourceTree = "<group>"; };
		520518A62EF91464002410DC /* lab56App.swift */ = {isa = PBXFileReference; fileEncoding = 4; lastKnownFileType = sourcecode.swift; path = lab56App.swift; sourceTree = "<group>"; };
/* End PBXFileReference section */

/* Begin PBXFrameworksBuildPhase section */
		520518852EF9143E002410DC /* Frameworks */ = {
			isa = PBXFrameworksBuildPhase;
			buildActionMask = 2147483647;
			files = (
			);
			runOnlyForDeploymentPostprocessing = 0;
		};
/* End PBXFrameworksBuildPhase section */

/* Begin PBXGroup section */
		5205187F2EF9143E002410DC = {
			isa = PBXGroup;
			children = (
				5205188A2EF9143E002410DC /* lab56 */,
				520518892EF9143E002410DC /* Products */,
			);
			sourceTree = "<group>";
		};
		520518892EF9143E002410DC /* Products */ = {
			isa = PBXGroup;
			children = (
				520518882EF9143E002410DC /* lab56.app */,
			);
			name = Products;
			sourceTree = "<group>";
		};
		5205188A2EF9143E002410DC /* lab56 */ = {
			isa = PBXGroup;
			children = (
				520518A72EF91464002410DC /* restapilist */,
			);
			path = lab56;
			sourceTree = "<group>";
		};
		5205189A2EF91464002410DC /* local */ = {
			isa = PBXGroup;
			children = (
				520518992EF91464002410DC /* CardInfoEntity.swift */,
			);
			path = local;
			sourceTree = "<group>";
		};
		5205189C2EF91464002410DC /* Remote */ = {
			isa = PBXGroup;
			children = (
				5205189B2EF91464002410DC /* ApiData.swift */,
			);
			path = Remote;
			sourceTree = "<group>";
		};
		5205189D2EF91464002410DC /* Data */ = {
			isa = PBXGroup;
			children = (
				5205189A2EF91464002410DC /* local */,
				5205189C2EF91464002410DC /* Remote */,
			);
			path = Data;
			sourceTree = "<group>";
		};
		5205189F2EF91464002410DC /* Repository */ = {
			isa = PBXGroup;
			children = (
				5205189E2EF91464002410DC /* Repository.swift */,
			);
			path = Repository;
			sourceTree = "<group>";
		};
		520518A12EF91464002410DC /* Model */ = {
			isa = PBXGroup;
			children = (
				5205189D2EF91464002410DC /* Data */,
				5205189F2EF91464002410DC /* Repository */,
				520518A02EF91464002410DC /* Model.swift */,
			);
			path = Model;
			sourceTree = "<group>";
		};
		520518A32EF91464002410DC /* ui */ = {
			isa = PBXGroup;
			children = (
				520518A22EF91464002410DC /* ContentView.swift */,
			);
			path = ui;
			sourceTree = "<group>";
		};
		520518A72EF91464002410DC /* restapilist */ = {
			isa = PBXGroup;
			children = (
				520518A12EF91464002410DC /* Model */,
				520518A32EF91464002410DC /* ui */,
				520518A42EF91464002410DC /* Assets.xcassets */,
				520518A52EF91464002410DC /* Controller.swift */,
				520518A62EF91464002410DC /* lab56App.swift */,
			);
			path = restapilist;
			sourceTree = "<group>";
		};
/* End PBXGroup section */

/* Begin PBXNativeTarget section */
		520518872EF9143E002410DC /* lab56 */ = {
			isa = PBXNativeTarget;
			buildConfigurationList = 520518962EF91440002410DC /* Build configuration list for PBXNativeTarget "lab56" */;
			buildPhases = (
				520518842EF9143E002410DC /* Sources */,
				520518852EF9143E002410DC /* Frameworks */,
				520518862EF9143E002410DC /* Resources */,
			);
			buildRules = (
			);
			dependencies = (
			);
			name = lab56;
			productName = lab56;
			productReference = 520518882EF9143E002410DC /* lab56.app */;
			productType = "com.apple.product-type.application";
		};
/* End PBXNativeTarget section */

/* Begin PBXProject section */
		520518802EF9143E002410DC /* Project object */ = {
			isa = PBXProject;
			attributes = {
				BuildIndependentTargetsInParallel = 1;
				LastSwiftUpdateCheck = 1540;
				LastUpgradeCheck = 1540;
				TargetAttributes = {
					520518872EF9143E002410DC = {
						CreatedOnToolsVersion = 15.4;
					};
				};
			};
			buildConfigurationList = 520518832EF9143E002410DC /* Build configuration list for PBXProject "lab56" */;
			compatibilityVersion = "Xcode 14.0";
			developmentRegion = en;
			hasScannedForEncodings = 0;
			knownRegions = (
				en,
				Base,
			);
			mainGroup = 5205187F2EF9143E002410DC;
			productRefGroup = 520518892EF9143E002410DC /* Products */;
			projectDirPath = "";
			projectRoot = "";
			targets = (
				520518872EF9143E002410DC /* lab56 */,
			);
		};
/* End PBXProject section */

/* Begin PBXResourcesBuildPhase section */
		520518862EF9143E002410DC /* Resources */ = {
			isa = PBXResourcesBuildPhase;
			buildActionMask = 2147483647;
			files = (
			);
			runOnlyForDeploymentPostprocessing = 0;
		};
/* End PBXResourcesBuildPhase section */

/* Begin PBXSourcesBuildPhase section */
		520518842EF9143E002410DC /* Sources */ = {
			isa = PBXSourcesBuildPhase;
			buildActionMask = 2147483647;
			files = (
				520518A92EF91464002410DC /* ApiData.swift in Sources */,
				520518AC2EF91464002410DC /* ContentView.swift in Sources */,
				520518A82EF91464002410DC /* CardInfoEntity.swift in Sources */,
				520518AE2EF91464002410DC /* Controller.swift in Sources */,
				520518AF2EF91464002410DC /* lab56App.swift in Sources */,
				520518AA2EF91464002410DC /* Repository.swift in Sources */,
				520518AB2EF91464002410DC /* Model.swift in Sources */,
			);
			runOnlyForDeploymentPostprocessing = 0;
		};
/* End PBXSourcesBuildPhase section */

/* Begin XCBuildConfiguration section */
		520518942EF91440002410DC /* Debug */ = {
			isa = XCBuildConfiguration;
			buildSettings = {
				ALWAYS_SEARCH_USER_PATHS = NO;
				ASSETCATALOG_COMPILER_GENERATE_SWIFT_ASSET_SYMBOL_EXTENSIONS = YES;
				CLANG_ANALYZER_NONNULL = YES;
				CLANG_ANALYZER_NUMBER_OBJECT_CONVERSION = YES_AGGRESSIVE;
				CLANG_CXX_LANGUAGE_STANDARD = "gnu++20";
				CLANG_ENABLE_MODULES = YES;
				CLANG_ENABLE_OBJC_ARC = YES;
				CLANG_ENABLE_OBJC_WEAK = YES;
				CLANG_WARN_BLOCK_CAPTURE_AUTORELEASING = YES;
				CLANG_WARN_BOOL_CONVERSION = YES;
				CLANG_WARN_COMMA = YES;
				CLANG_WARN_CONSTANT_CONVERSION = YES;
				CLANG_WARN_DEPRECATED_OBJC_IMPLEMENTATIONS = YES;
				CLANG_WARN_DIRECT_OBJC_ISA_USAGE = YES_ERROR;
				CLANG_WARN_DOCUMENTATION_COMMENTS = YES;
				CLANG_WARN_EMPTY_BODY = YES;
				CLANG_WARN_ENUM_CONVERSION = YES;
				CLANG_WARN_INFINITE_RECURSION = YES;
				CLANG_WARN_INT_CONVERSION = YES;
				CLANG_WARN_NON_LITERAL_NULL_CONVERSION = YES;
				CLANG_WARN_OBJC_IMPLICIT_RETAIN_SELF = YES;
				CLANG_WARN_OBJC_LITERAL_CONVERSION = YES;
				CLANG_WARN_OBJC_ROOT_CLASS = YES_ERROR;
				CLANG_WARN_QUOTED_INCLUDE_IN_FRAMEWORK_HEADER = YES;
				CLANG_WARN_RANGE_LOOP_ANALYSIS = YES;
				CLANG_WARN_STRICT_PROTOTYPES = YES;
				CLANG_WARN_SUSPICIOUS_MOVE = YES;
				CLANG_WARN_UNGUARDED_AVAILABILITY = YES_AGGRESSIVE;
				CLANG_WARN_UNREACHABLE_CODE = YES;
				CLANG_WARN__DUPLICATE_METHOD_MATCH = YES;
				COPY_PHASE_STRIP = NO;
				DEBUG_INFORMATION_FORMAT = dwarf;
				ENABLE_STRICT_OBJC_MSGSEND = YES;
				ENABLE_TESTABILITY = YES;
				ENABLE_USER_SCRIPT_SANDBOXING = YES;
				GCC_C_LANGUAGE_STANDARD = gnu17;
				GCC_DYNAMIC_NO_PIC = NO;
				GCC_NO_COMMON_BLOCKS = YES;
				GCC_OPTIMIZATION_LEVEL = 0;
				GCC_PREPROCESSOR_DEFINITIONS = (
					"DEBUG=1",
					"$(inherited)",
				);
				GCC_WARN_64_TO_32_BIT_CONVERSION = YES;
				GCC_WARN_ABOUT_RETURN_TYPE = YES_ERROR;
				GCC_WARN_UNDECLARED_SELECTOR = YES;
				GCC_WARN_UNINITIALIZED_AUTOS = YES_AGGRESSIVE;
				GCC_WARN_UNUSED_FUNCTION = YES;
				GCC_WARN_UNUSED_VARIABLE = YES;
				IPHONEOS_DEPLOYMENT_TARGET = 17.5;
				LOCALIZATION_PREFERS_STRING_CATALOGS = YES;
				MTL_ENABLE_DEBUG_INFO = INCLUDE_SOURCE;
				MTL_FAST_MATH = YES;
				ONLY_ACTIVE_ARCH = YES;
				SDKROOT = iphoneos;
				SWIFT_ACTIVE_COMPILATION_CONDITIONS = "DEBUG $(inherited)";
				SWIFT_OPTIMIZATION_LEVEL = "-Onone";
			};
			name = Debug;
		};
		520518952EF91440002410DC /* Release */ = {
			isa = XCBuildConfiguration;
			buildSettings = {
				ALWAYS_SEARCH_USER_PATHS = NO;
				ASSETCATALOG_COMPILER_GENERATE_SWIFT_ASSET_SYMBOL_EXTENSIONS = YES;
				CLANG_ANALYZER_NONNULL = YES;
				CLANG_ANALYZER_NUMBER_OBJECT_CONVERSION = YES_AGGRESSIVE;
				CLANG_CXX_LANGUAGE_STANDARD = "gnu++20";
				CLANG_ENABLE_MODULES = YES;
				CLANG_ENABLE_OBJC_ARC = YES;
				CLANG_ENABLE_OBJC_WEAK = YES;
				CLANG_WARN_BLOCK_CAPTURE_AUTORELEASING = YES;
				CLANG_WARN_BOOL_CONVERSION = YES;
				CLANG_WARN_COMMA = YES;
				CLANG_WARN_CONSTANT_CONVERSION = YES;
				CLANG_WARN_DEPRECATED_OBJC_IMPLEMENTATIONS = YES;
				CLANG_WARN_DIRECT_OBJC_ISA_USAGE = YES_ERROR;
				CLANG_WARN_DOCUMENTATION_COMMENTS = YES;
				CLANG_WARN_EMPTY_BODY = YES;
				CLANG_WARN_ENUM_CONVERSION = YES;
				CLANG_WARN_INFINITE_RECURSION = YES;
				CLANG_WARN_INT_CONVERSION = YES;
				CLANG_WARN_NON_LITERAL_NULL_CONVERSION = YES;
				CLANG_WARN_OBJC_IMPLICIT_RETAIN_SELF = YES;
				CLANG_WARN_OBJC_LITERAL_CONVERSION = YES;
				CLANG_WARN_OBJC_ROOT_CLASS = YES_ERROR;
				CLANG_WARN_QUOTED_INCLUDE_IN_FRAMEWORK_HEADER = YES;
				CLANG_WARN_RANGE_LOOP_ANALYSIS = YES;
				CLANG_WARN_STRICT_PROTOTYPES = YES;
				CLANG_WARN_SUSPICIOUS_MOVE = YES;
				CLANG_WARN_UNGUARDED_AVAILABILITY = YES_AGGRESSIVE;
				CLANG_WARN_UNREACHABLE_CODE = YES;
				CLANG_WARN__DUPLICATE_METHOD_MATCH = YES;
				COPY_PHASE_STRIP = NO;
				DEBUG_INFORMATION_FORMAT = "dwarf-with-dsym";
				ENABLE_NS_ASSERTIONS = NO;
				ENABLE_STRICT_OBJC_MSGSEND = YES;
				ENABLE_USER_SCRIPT_SANDBOXING = YES;
				GCC_C_LANGUAGE_STANDARD = gnu17;
				GCC_NO_COMMON_BLOCKS = YES;
				GCC_WARN_64_TO_32_BIT_CONVERSION = YES;
				GCC_WARN_ABOUT_RETURN_TYPE = YES_ERROR;
				GCC_WARN_UNDECLARED_SELECTOR = YES;
				GCC_WARN_UNINITIALIZED_AUTOS = YES_AGGRESSIVE;
				GCC_WARN_UNUSED_FUNCTION = YES;
				GCC_WARN_UNUSED_VARIABLE = YES;
				IPHONEOS_DEPLOYMENT_TARGET = 17.5;
				LOCALIZATION_PREFERS_STRING_CATALOGS = YES;
				MTL_ENABLE_DEBUG_INFO = NO;
				MTL_FAST_MATH = YES;
				SDKROOT = iphoneos;
				SWIFT_COMPILATION_MODE = wholemodule;
				VALIDATE_PRODUCT = YES;
			};
			name = Release;
		};
		520518972EF91440002410DC /* Debug */ = {
			isa = XCBuildConfiguration;
			buildSettings = {
				ASSETCATALOG_COMPILER_APPICON_NAME = AppIcon;
				ASSETCATALOG_COMPILER_GLOBAL_ACCENT_COLOR_NAME = AccentColor;
				CODE_SIGN_STYLE = Automatic;
				CURRENT_PROJECT_VERSION = 1;
				ENABLE_PREVIEWS = YES;
				GENERATE_INFOPLIST_FILE = YES;
				INFOPLIST_KEY_UIApplicationSceneManifest_Generation = YES;
				INFOPLIST_KEY_UIApplicationSupportsIndirectInputEvents = YES;
				INFOPLIST_KEY_UILaunchScreen_Generation = YES;
				INFOPLIST_KEY_UISupportedInterfaceOrientations_iPad = "UIInterfaceOrientationPortrait UIInterfaceOrientationPortraitUpsideDown UIInterfaceOrientationLandscapeLeft UIInterfaceOrientationLandscapeRight";
				INFOPLIST_KEY_UISupportedInterfaceOrientations_iPhone = "UIInterfaceOrientationPortrait UIInterfaceOrientationLandscapeLeft UIInterfaceOrientationLandscapeRight";
				LD_RUNPATH_SEARCH_PATHS = (
					"$(inherited)",
					"@executable_path/Frameworks",
				);
				MARKETING_VERSION = 1.0;
				PRODUCT_BUNDLE_IDENTIFIER = qqqq.lab56;
				PRODUCT_NAME = "$(TARGET_NAME)";
				SWIFT_EMIT_LOC_STRINGS = YES;
				SWIFT_VERSION = 5.0;
				TARGETED_DEVICE_FAMILY = "1,2";
			};
			name = Debug;
		};
		520518982EF91440002410DC /* Release */ = {
			isa = XCBuildConfiguration;
			buildSettings = {
				ASSETCATALOG_COMPILER_APPICON_NAME = AppIcon;
				ASSETCATALOG_COMPILER_GLOBAL_ACCENT_COLOR_NAME = AccentColor;
				CODE_SIGN_STYLE = Automatic;
				CURRENT_PROJECT_VERSION = 1;
				ENABLE_PREVIEWS = YES;
				GENERATE_INFOPLIST_FILE = YES;
				INFOPLIST_KEY_UIApplicationSceneManifest_Generation = YES;
				INFOPLIST_KEY_UIApplicationSupportsIndirectInputEvents = YES;
				INFOPLIST_KEY_UILaunchScreen_Generation = YES;
				INFOPLIST_KEY_UISupportedInterfaceOrientations_iPad = "UIInterfaceOrientationPortrait UIInterfaceOrientationPortraitUpsideDown UIInterfaceOrientationLandscapeLeft UIInterfaceOrientationLandscapeRight";
				INFOPLIST_KEY_UISupportedInterfaceOrientations_iPhone = "UIInterfaceOrientationPortrait UIInterfaceOrientationLandscapeLeft UIInterfaceOrientationLandscapeRight";
				LD_RUNPATH_SEARCH_PATHS = (
					"$(inherited)",
					"@executable_path/Frameworks",
				);
				MARKETING_VERSION = 1.0;
				PRODUCT_BUNDLE_IDENTIFIER = qqqq.lab56;
				PRODUCT_NAME = "$(TARGET_NAME)";
				SWIFT_EMIT_LOC_STRINGS = YES;
				SWIFT_VERSION = 5.0;
				TARGETED_DEVICE_FAMILY = "1,2";
			};
			name = Release;
		};
/* End XCBuildConfiguration section */

/* Begin XCConfigurationList section */
		520518832EF9143E002410DC /* Build configuration list for PBXProject "lab56" */ = {
			isa = XCConfigurationList;
			buildConfigurations = (
				520518942EF91440002410DC /* Debug */,
				520518952EF91440002410DC /* Release */,
			);
			defaultConfigurationIsVisible = 0;
			defaultConfigurationName = Release;
		};
		520518962EF91440002410DC /* Build configuration list for PBXNativeTarget "lab56" */ = {
			isa = XCConfigurationList;
			buildConfigurations = (
				520518972EF91440002410DC /* Debug */,
				520518982EF91440002410DC /* Release */,
			);
			defaultConfigurationIsVisible = 0;
			defaultConfigurationName = Release;
		};
/* End XCConfigurationList section */
	};
	rootObject = 520518802EF9143E002410DC /* Project object */;
}
